
Microsoft Visual Studio Solution File, Format Version 12.00
# Visual Studio Version 16
VisualStudioVersion = 16.0.31321.278
MinimumVisualStudioVersion = 10.0.40219.1
Project("{FAE04EC0-301F-11D3-BF4B-00C04F79EFBC}") = "Bernadette-Alvarado_Exercise01", "Bernadette-Alvarado_Exercise01\Bernadette-Alvarado_Exercise01.csproj", "{206F4D7F-9585-4913-A323-470CFA580D62}"
EndProject
Project("{FAE04EC0-301F-11D3-BF4B-00C04F79EFBC}") = "Bernadette-Alvarado_Exercise02", "Bernadette-Alvarado_Exercise02\Bernadette-Alvarado_Exercise02.csproj", "{0CDBC6E9-D1DB-4DB6-8EC2-913361362FAF}"
EndProject
Project("{FAE04EC0-301F-11D3-BF4B-00C04F79EFBC}") = "Bernadette-Alvarado_Exercise03", "Bernadette-Alvarado_Exercise03\Bernadette-Alvarado_Exercise03.csproj", "{C3ACE1D8-4576-44E8-AFE6-69991F53D006}"
EndProject
Global
	GlobalSection(SolutionConfigurationPlatforms) = preSolution
		Debug|Any CPU = Debug|Any CPU
		Release|Any CPU = Release|Any CPU
	EndGlobalSection
	GlobalSection(ProjectConfigurationPlatforms) = postSolution
		{206F4D7F-9585-4913-A323-470CFA580D62}.Debug|Any CPU.ActiveCfg = Debug|Any CPU
		{206F4D7F-9585-4913-A323-470CFA580D62}.Debug|Any CPU.Build.0 = Debug|Any CPU
		{206F4D7F-9585-4913-A323-470CFA580D62}.Release|Any CPU.ActiveCfg = Release|Any CPU
		{206F4D7F-9585-4913-A323-470CFA580D62}.Release|Any CPU.Build.0 = Release|Any CPU
		{0CDBC6E9-D1DB-4DB6-8EC2-913361362FAF}.Debug|Any CPU.ActiveCfg = Debug|Any CPU
		{0CDBC6E9-D1DB-4DB6-8EC2-913361362FAF}.Debug|Any CPU.Build.0 = Debug|Any CPU
		{0CDBC6E9-D1DB-4DB6-8EC2-913361362FAF}.Release|Any CPU.ActiveCfg = Release|Any CPU
		{0CDBC6E9-D1DB-4DB6-8EC2-913361362FAF}.Release|Any CPU.Build.0 = Release|Any CPU
		{C3ACE1D8-4576-44E8-AFE6-69991F53D006}.Debug|Any CPU.ActiveCfg = Debug|Any CPU
		{C3ACE1D8-4576-44E8-AFE6-69991F53D006}.Debug|Any CPU.Build.0 = Debug|Any CPU
		{C3ACE1D8-4576-44E8-AFE6-69991F53D006}.Release|Any CPU.ActiveCfg = Release|Any CPU
		{C3ACE1D8-4576-44E8-AFE6-69991F53D006}.Release|Any CPU.Build.0 = Release|Any CPU
	EndGlobalSection
	GlobalSection(SolutionProperties) = preSolution
		HideSolutionNode = FALSE
	EndGlobalSection
	GlobalSection(ExtensibilityGlobals) = postSolution
		SolutionGuid = {33E956B8-5AD8-4134-9F26-ED822A3BBD35}
	EndGlobalSection
EndGlobal
